
Microsoft Visual Studio Solution File, Format Version 12.00
# Visual Studio Version 17
VisualStudioVersion = 17.0.31912.275
MinimumVisualStudioVersion = 10.0.40219.1
Project("{FAE04EC0-301F-11D3-BF4B-00C04F79EFBC}") = "TaskView", "TaskView\TaskView.csproj", "{76D168F3-B5F8-4B48-A4DF-EBC1448AA12D}"
EndProject
Global
	GlobalSection(SolutionConfigurationPlatforms) = preSolution
		Debug|Any CPU = Debug|Any CPU
		Release|Any CPU = Release|Any CPU
	EndGlobalSection
	GlobalSection(ProjectConfigurationPlatforms) = postSolution
		{76D168F3-B5F8-4B48-A4DF-EBC1448AA12D}.Debug|Any CPU.ActiveCfg = Debug|Any CPU
		{76D168F3-B5F8-4B48-A4DF-EBC1448AA12D}.Debug|Any CPU.Build.0 = Debug|Any CPU
		{76D168F3-B5F8-4B48-A4DF-EBC1448AA12D}.Release|Any CPU.ActiveCfg = Release|Any CPU
		{76D168F3-B5F8-4B48-A4DF-EBC1448AA12D}.Release|Any CPU.Build.0 = Release|Any CPU
	EndGlobalSection
	GlobalSection(SolutionProperties) = preSolution
		HideSolutionNode = FALSE
	EndGlobalSection
	GlobalSection(ExtensibilityGlobals) = postSolution
		SolutionGuid = {5933FC92-E825-4119-9930-5760F2B752D9}
	EndGlobalSection
EndGlobal
